version = 1
revision = 3
requires-python = ">=3.12"

[[package]]
name = "jsonpath-ng"
version = "1.7.0"
source = { registry = "https://pypi.org/simple" }
dependencies = [
    { name = "ply" },
]
sdist = { url = "https://files.pythonhosted.org/packages/6d/86/08646239a313f895186ff0a4573452038eed8c86f54380b3ebac34d32fb2/jsonpath-ng-1.7.0.tar.gz", hash = "sha256:f6f5f7fd4e5ff79c785f1573b394043b39849fb2bb47bcead935d12b00beab3c", size = 37838, upload-time = "2024-10-11T15:41:42.404Z" }
wheels = [
    { url = "https://files.pythonhosted.org/packages/35/5a/73ecb3d82f8615f32ccdadeb9356726d6cae3a4bbc840b437ceb95708063/jsonpath_ng-1.7.0-py3-none-any.whl", hash = "sha256:f3d7f9e848cba1b6da28c55b1c26ff915dc9e0b1ba7e752a53d6da8d5cbd00b6", size = 30105, upload-time = "2024-11-20T17:58:30.418Z" },
]

[[package]]
name = "ply"
version = "3.11"
source = { registry = "https://pypi.org/simple" }
sdist = { url = "https://files.pythonhosted.org/packages/e5/69/882ee5c9d017149285cab114ebeab373308ef0f874fcdac9beb90e0ac4da/ply-3.11.tar.gz", hash = "sha256:00c7c1aaa88358b9c765b6d3000c6eec0ba42abca5351b095321aef446081da3", size = 159130, upload-time = "2018-02-15T19:01:31.097Z" }
wheels = [
    { url = "https://files.pythonhosted.org/packages/a3/58/35da89ee790598a0700ea49b2a66594140f44dec458c07e8e3d4979137fc/ply-3.11-py2.py3-none-any.whl", hash = "sha256:096f9b8350b65ebd2fd1346b12452efe5b9607f7482813ffca50c22722a807ce", size = 49567, upload-time = "2018-02-15T19:01:27.172Z" },
]

[[package]]
name = "state-machine"
version = "0.1.0"
source = { virtual = "." }
dependencies = [
    { name = "jsonpath-ng" },
    { name = "ply" },
]

[package.metadata]
requires-dist = [
    { name = "jsonpath-ng", specifier = "==1.7.0" },
    { name = "ply", specifier = "==3.11" },
]
